# This file is automatically @generated by Cargo.
# It is not intended for manual editing.
version = 4

[[package]]
name = "joyeer"
version = "0.0.0"
dependencies = [
 "joyeer_driver",
]

[[package]]
name = "joyeer_ast"
version = "0.0.0"
dependencies = [
 "joyeer_span",
]

[[package]]
name = "joyeer_driver"
version = "0.0.0"
dependencies = [
 "joyeer_ast",
 "joyeer_errors",
 "joyeer_interp",
 "joyeer_parse",
 "joyeer_span",
]

[[package]]
name = "joyeer_errors"
version = "0.0.0"
dependencies = [
 "joyeer_span",
]

[[package]]
name = "joyeer_interp"
version = "0.0.0"
dependencies = [
 "joyeer_ast",
]

[[package]]
name = "joyeer_lexer"
version = "0.0.0"

[[package]]
name = "joyeer_parse"
version = "0.0.0"
dependencies = [
 "joyeer_ast",
 "joyeer_errors",
 "joyeer_lexer",
 "joyeer_span",
]

[[package]]
name = "joyeer_span"
version = "0.0.0"
